
Microsoft Visual Studio Solution File, Format Version 12.00
# Visual Studio Version 16
VisualStudioVersion = 16.0.31112.23
MinimumVisualStudioVersion = 10.0.40219.1
Project("{FAE04EC0-301F-11D3-BF4B-00C04F79EFBC}") = "GoalApi", "GoalApi\GoalApi.csproj", "{9FBF9A52-2A9D-4B40-831D-0AD284ACB02F}"
EndProject
Project("{FAE04EC0-301F-11D3-BF4B-00C04F79EFBC}") = "Compile", "Compile\Compile.csproj", "{77D7B8F3-CA5A-44D8-9116-7365450DBED0}"
EndProject
Global
	GlobalSection(SolutionConfigurationPlatforms) = preSolution
		Debug|Any CPU = Debug|Any CPU
		Release|Any CPU = Release|Any CPU
	EndGlobalSection
	GlobalSection(ProjectConfigurationPlatforms) = postSolution
		{9FBF9A52-2A9D-4B40-831D-0AD284ACB02F}.Debug|Any CPU.ActiveCfg = Debug|Any CPU
		{9FBF9A52-2A9D-4B40-831D-0AD284ACB02F}.Debug|Any CPU.Build.0 = Debug|Any CPU
		{9FBF9A52-2A9D-4B40-831D-0AD284ACB02F}.Release|Any CPU.ActiveCfg = Release|Any CPU
		{9FBF9A52-2A9D-4B40-831D-0AD284ACB02F}.Release|Any CPU.Build.0 = Release|Any CPU
		{77D7B8F3-CA5A-44D8-9116-7365450DBED0}.Debug|Any CPU.ActiveCfg = Debug|Any CPU
		{77D7B8F3-CA5A-44D8-9116-7365450DBED0}.Debug|Any CPU.Build.0 = Debug|Any CPU
		{77D7B8F3-CA5A-44D8-9116-7365450DBED0}.Release|Any CPU.ActiveCfg = Release|Any CPU
		{77D7B8F3-CA5A-44D8-9116-7365450DBED0}.Release|Any CPU.Build.0 = Release|Any CPU
	EndGlobalSection
	GlobalSection(SolutionProperties) = preSolution
		HideSolutionNode = FALSE
	EndGlobalSection
	GlobalSection(ExtensibilityGlobals) = postSolution
		SolutionGuid = {7FA05804-237A-44DD-87CE-74EF47CCFAEA}
	EndGlobalSection
EndGlobal
